<?xml version="1.0"?>
<CONFIG>
  <ProjectOptions>
    <Version Value="9"/>
    <General>
      <MainUnit Value="0"/>
      <ResourceType Value="res"/>
      <UseXPManifest Value="True"/>
      <Icon Value="0"/>
      <ActiveWindowIndexAtStart Value="0"/>
    </General>
    <i18n>
      <EnableI18N LFM="False"/>
    </i18n>
    <VersionInfo>
      <StringTable ProductVersion=""/>
    </VersionInfo>
    <BuildModes Count="4" Active="win32-debug">
      <Item1 Name="linux-i686-debug" Default="True"/>
      <Item2 Name="win32-release">
        <CompilerOptions>
          <Version Value="11"/>
          <Target>
            <Filename Value="JakOmlette-win32"/>
          </Target>
          <SearchPaths>
            <IncludeFiles Value="$(ProjOutDir)"/>
            <UnitOutputDirectory Value="lib/$(TargetCPU)-$(TargetOS)"/>
          </SearchPaths>
          <CodeGeneration>
            <TargetProcessor Value="pentium3"/>
            <TargetCPU Value="i386"/>
            <TargetOS Value="win32"/>
            <Optimizations>
              <OptimizationLevel Value="3"/>
            </Optimizations>
          </CodeGeneration>
          <Linking>
            <Debugging>
              <GenerateDebugInfo Value="False"/>
              <UseLineInfoUnit Value="False"/>
              <StripSymbols Value="True"/>
              <UseExternalDbgSyms Value="True"/>
            </Debugging>
            <Options>
              <Win32>
                <GraphicApplication Value="True"/>
              </Win32>
            </Options>
          </Linking>
          <Other>
            <CompilerMessages>
              <UseMsgFile Value="True"/>
            </CompilerMessages>
            <CompilerPath Value="$(CompPath)"/>
          </Other>
        </CompilerOptions>
      </Item2>
      <Item3 Name="linux-i686-release">
        <CompilerOptions>
          <Version Value="11"/>
          <Target>
            <Filename Value="JakOmlette-i686"/>
          </Target>
          <SearchPaths>
            <IncludeFiles Value="$(ProjOutDir)"/>
            <UnitOutputDirectory Value="lib/$(TargetCPU)-$(TargetOS)"/>
          </SearchPaths>
          <CodeGeneration>
            <TargetProcessor Value="pentium3"/>
            <TargetCPU Value="i386"/>
            <TargetOS Value="linux"/>
            <Optimizations>
              <OptimizationLevel Value="3"/>
            </Optimizations>
          </CodeGeneration>
          <Linking>
            <Debugging>
              <GenerateDebugInfo Value="False"/>
              <UseLineInfoUnit Value="False"/>
              <StripSymbols Value="True"/>
              <UseExternalDbgSyms Value="True"/>
            </Debugging>
            <Options>
              <Win32>
                <GraphicApplication Value="True"/>
              </Win32>
            </Options>
          </Linking>
          <Other>
            <CompilerMessages>
              <UseMsgFile Value="True"/>
            </CompilerMessages>
            <CompilerPath Value="$(CompPath)"/>
          </Other>
        </CompilerOptions>
      </Item3>
      <Item4 Name="win32-debug">
        <CompilerOptions>
          <Version Value="11"/>
          <Target>
            <Filename Value="JakOmlette-win32"/>
          </Target>
          <SearchPaths>
            <IncludeFiles Value="$(ProjOutDir)"/>
            <UnitOutputDirectory Value="lib/$(TargetCPU)-$(TargetOS)"/>
          </SearchPaths>
          <CodeGeneration>
            <Checks>
              <IOChecks Value="True"/>
              <RangeChecks Value="True"/>
              <OverflowChecks Value="True"/>
              <StackChecks Value="True"/>
            </Checks>
            <TargetProcessor Value="pentium3"/>
            <TargetCPU Value="i386"/>
            <TargetOS Value="win32"/>
            <Optimizations>
              <OptimizationLevel Value="0"/>
            </Optimizations>
          </CodeGeneration>
          <Linking>
            <Debugging>
              <UseHeaptrc Value="True"/>
              <StripSymbols Value="True"/>
              <UseExternalDbgSyms Value="True"/>
            </Debugging>
            <Options>
              <Win32>
                <GraphicApplication Value="True"/>
              </Win32>
            </Options>
          </Linking>
          <Other>
            <Verbosity>
              <ShoLineNum Value="True"/>
            </Verbosity>
            <CompilerMessages>
              <UseMsgFile Value="True"/>
            </CompilerMessages>
            <CompilerPath Value="$(CompPath)"/>
          </Other>
        </CompilerOptions>
      </Item4>
    </BuildModes>
    <PublishOptions>
      <Version Value="2"/>
      <IncludeFileFilter Value="*.(pas|pp|inc|lfm|lpr|lrs|lpi|lpk|sh|xml)"/>
      <ExcludeFileFilter Value="*.(bak|ppu|o|so);*~;backup"/>
    </PublishOptions>
    <RunParams>
      <local>
        <FormatVersion Value="1"/>
      </local>
    </RunParams>
    <RequiredPackages Count="1">
      <Item1>
        <PackageName Value="LCL"/>
      </Item1>
    </RequiredPackages>
    <Units Count="10">
      <Unit0>
        <Filename Value="JakOmlette.lpr"/>
        <IsPartOfProject Value="True"/>
        <UnitName Value="JakOmlette"/>
        <WindowIndex Value="0"/>
        <TopLine Value="1"/>
        <CursorPos X="47" Y="15"/>
        <UsageCount Value="216"/>
      </Unit0>
      <Unit1>
        <Filename Value="jakrandr.pas"/>
        <IsPartOfProject Value="True"/>
        <ComponentName Value="JakRandr"/>
        <HasResources Value="True"/>
        <ResourceBaseClass Value="Form"/>
        <UnitName Value="JakRandr"/>
        <EditorIndex Value="0"/>
        <WindowIndex Value="0"/>
        <TopLine Value="8"/>
        <CursorPos X="1" Y="10"/>
        <UsageCount Value="216"/>
        <Loaded Value="True"/>
        <LoadedDesigner Value="True"/>
      </Unit1>
      <Unit2>
        <Filename Value="gfxutils.pas"/>
        <IsPartOfProject Value="True"/>
        <UnitName Value="GfxUtils"/>
        <EditorIndex Value="2"/>
        <WindowIndex Value="0"/>
        <TopLine Value="387"/>
        <CursorPos X="1" Y="397"/>
        <UsageCount Value="216"/>
        <Loaded Value="True"/>
      </Unit2>
      <Unit3>
        <Filename Value="coreutils.pas"/>
        <IsPartOfProject Value="True"/>
        <UnitName Value="CoreUtils"/>
        <EditorIndex Value="3"/>
        <WindowIndex Value="0"/>
        <TopLine Value="295"/>
        <CursorPos X="24" Y="307"/>
        <UsageCount Value="214"/>
        <Loaded Value="True"/>
      </Unit3>
      <Unit4>
        <Filename Value="/usr/lib/lazarus/lcl/interfaces/gtk2/gtk2winapi.inc"/>
        <WindowIndex Value="0"/>
        <TopLine Value="1677"/>
        <CursorPos X="7" Y="1688"/>
        <UsageCount Value="156"/>
      </Unit4>
      <Unit5>
        <Filename Value="/usr/lib/lazarus/lcl/include/canvas.inc"/>
        <WindowIndex Value="0"/>
        <TopLine Value="807"/>
        <CursorPos X="1" Y="818"/>
        <UsageCount Value="156"/>
      </Unit5>
      <Unit6>
        <Filename Value="testutils.pas"/>
        <IsPartOfProject Value="True"/>
        <UnitName Value="TestUtils"/>
        <EditorIndex Value="5"/>
        <WindowIndex Value="0"/>
        <TopLine Value="100"/>
        <CursorPos X="70" Y="109"/>
        <UsageCount Value="300"/>
        <Loaded Value="True"/>
      </Unit6>
      <Unit7>
        <Filename Value="C:/lazarus/fpc/2.6.0/source/rtl/objpas/fgl.pp"/>
        <UnitName Value="fgl"/>
        <EditorIndex Value="4"/>
        <WindowIndex Value="0"/>
        <TopLine Value="507"/>
        <CursorPos X="27" Y="526"/>
        <UsageCount Value="83"/>
        <Loaded Value="True"/>
      </Unit7>
      <Unit8>
        <Filename Value="testconveyor.pas"/>
        <IsPartOfProject Value="True"/>
        <UnitName Value="TestConveyor"/>
        <IsVisibleTab Value="True"/>
        <EditorIndex Value="6"/>
        <WindowIndex Value="0"/>
        <TopLine Value="1"/>
        <CursorPos X="21" Y="11"/>
        <UsageCount Value="165"/>
        <Loaded Value="True"/>
      </Unit8>
      <Unit9>
        <Filename Value="C:/lazarus/lcl/graphics.pp"/>
        <UnitName Value="Graphics"/>
        <EditorIndex Value="1"/>
        <WindowIndex Value="0"/>
        <TopLine Value="251"/>
        <CursorPos X="3" Y="260"/>
        <UsageCount Value="81"/>
        <Loaded Value="True"/>
      </Unit9>
    </Units>
    <JumpHistory Count="30" HistoryIndex="29">
      <Position1>
        <Filename Value="testconveyor.pas"/>
        <Caret Line="185" Column="70" TopLine="194"/>
      </Position1>
      <Position2>
        <Filename Value="testconveyor.pas"/>
        <Caret Line="190" Column="27" TopLine="186"/>
      </Position2>
      <Position3>
        <Filename Value="testconveyor.pas"/>
        <Caret Line="174" Column="28" TopLine="170"/>
      </Position3>
      <Position4>
        <Filename Value="testconveyor.pas"/>
        <Caret Line="87" Column="71" TopLine="77"/>
      </Position4>
      <Position5>
        <Filename Value="testconveyor.pas"/>
        <Caret Line="34" Column="1" TopLine="24"/>
      </Position5>
      <Position6>
        <Filename Value="gfxutils.pas"/>
        <Caret Line="1500" Column="15" TopLine="1495"/>
      </Position6>
      <Position7>
        <Filename Value="testconveyor.pas"/>
        <Caret Line="34" Column="1" TopLine="24"/>
      </Position7>
      <Position8>
        <Filename Value="gfxutils.pas"/>
        <Caret Line="1504" Column="1" TopLine="1495"/>
      </Position8>
      <Position9>
        <Filename Value="gfxutils.pas"/>
        <Caret Line="1453" Column="1" TopLine="1444"/>
      </Position9>
      <Position10>
        <Filename Value="gfxutils.pas"/>
        <Caret Line="397" Column="1" TopLine="387"/>
      </Position10>
      <Position11>
        <Filename Value="coreutils.pas"/>
        <Caret Line="526" Column="1" TopLine="516"/>
      </Position11>
      <Position12>
        <Filename Value="coreutils.pas"/>
        <Caret Line="305" Column="1" TopLine="295"/>
      </Position12>
      <Position13>
        <Filename Value="coreutils.pas"/>
        <Caret Line="461" Column="1" TopLine="451"/>
      </Position13>
      <Position14>
        <Filename Value="testconveyor.pas"/>
        <Caret Line="184" Column="16" TopLine="173"/>
      </Position14>
      <Position15>
        <Filename Value="testconveyor.pas"/>
        <Caret Line="34" Column="1" TopLine="24"/>
      </Position15>
      <Position16>
        <Filename Value="testconveyor.pas"/>
        <Caret Line="186" Column="10" TopLine="173"/>
      </Position16>
      <Position17>
        <Filename Value="testconveyor.pas"/>
        <Caret Line="34" Column="1" TopLine="24"/>
      </Position17>
      <Position18>
        <Filename Value="testconveyor.pas"/>
        <Caret Line="182" Column="1" TopLine="173"/>
      </Position18>
      <Position19>
        <Filename Value="testconveyor.pas"/>
        <Caret Line="197" Column="21" TopLine="191"/>
      </Position19>
      <Position20>
        <Filename Value="testconveyor.pas"/>
        <Caret Line="34" Column="1" TopLine="24"/>
      </Position20>
      <Position21>
        <Filename Value="testconveyor.pas"/>
        <Caret Line="182" Column="1" TopLine="173"/>
      </Position21>
      <Position22>
        <Filename Value="testconveyor.pas"/>
        <Caret Line="184" Column="1" TopLine="173"/>
      </Position22>
      <Position23>
        <Filename Value="testconveyor.pas"/>
        <Caret Line="202" Column="1" TopLine="193"/>
      </Position23>
      <Position24>
        <Filename Value="testconveyor.pas"/>
        <Caret Line="204" Column="1" TopLine="193"/>
      </Position24>
      <Position25>
        <Filename Value="testconveyor.pas"/>
        <Caret Line="220" Column="1" TopLine="211"/>
      </Position25>
      <Position26>
        <Filename Value="testconveyor.pas"/>
        <Caret Line="222" Column="43" TopLine="211"/>
      </Position26>
      <Position27>
        <Filename Value="testconveyor.pas"/>
        <Caret Line="106" Column="70" TopLine="96"/>
      </Position27>
      <Position28>
        <Filename Value="testconveyor.pas"/>
        <Caret Line="35" Column="83" TopLine="25"/>
      </Position28>
      <Position29>
        <Filename Value="jakrandr.pas"/>
        <Caret Line="89" Column="54" TopLine="81"/>
      </Position29>
      <Position30>
        <Filename Value="testconveyor.pas"/>
        <Caret Line="149" Column="31" TopLine="145"/>
      </Position30>
    </JumpHistory>
  </ProjectOptions>
  <CompilerOptions>
    <Version Value="11"/>
    <Target>
      <Filename Value="JakOmlette"/>
    </Target>
    <SearchPaths>
      <IncludeFiles Value="$(ProjOutDir)"/>
      <UnitOutputDirectory Value="lib/$(TargetCPU)-$(TargetOS)"/>
    </SearchPaths>
    <CodeGeneration>
      <Checks>
        <IOChecks Value="True"/>
        <RangeChecks Value="True"/>
        <OverflowChecks Value="True"/>
        <StackChecks Value="True"/>
      </Checks>
      <TargetProcessor Value="pentium3"/>
      <TargetCPU Value="i386"/>
      <TargetOS Value="linux"/>
    </CodeGeneration>
    <Linking>
      <Options>
        <Win32>
          <GraphicApplication Value="True"/>
        </Win32>
      </Options>
    </Linking>
    <Other>
      <CompilerMessages>
        <UseMsgFile Value="True"/>
      </CompilerMessages>
      <CompilerPath Value="$(CompPath)"/>
    </Other>
  </CompilerOptions>
  <Debugging>
    <BreakPoints Count="2">
      <Item1>
        <Kind Value="bpkSource"/>
        <WatchScope Value="wpsLocal"/>
        <WatchKind Value="wpkWrite"/>
        <Source Value="testconveyor.pas"/>
        <Line Value="34"/>
      </Item1>
      <Item2>
        <Kind Value="bpkSource"/>
        <WatchScope Value="wpsLocal"/>
        <WatchKind Value="wpkWrite"/>
        <Source Value="testconveyor.pas"/>
        <Line Value="181"/>
      </Item2>
    </BreakPoints>
    <Watches Count="2">
      <Item1>
        <Expression Value="p1^"/>
      </Item1>
      <Item2>
        <Expression Value="pSup1"/>
      </Item2>
    </Watches>
    <Exceptions Count="3">
      <Item1>
        <Name Value="EAbort"/>
      </Item1>
      <Item2>
        <Name Value="ECodetoolError"/>
      </Item2>
      <Item3>
        <Name Value="EFOpenError"/>
      </Item3>
    </Exceptions>
  </Debugging>
</CONFIG>
