<?xml version="1.0"?>
<CONFIG>
  <ProjectOptions>
    <Version Value="9"/>
    <General>
      <MainUnit Value="0"/>
      <ResourceType Value="res"/>
      <UseXPManifest Value="True"/>
      <Icon Value="0"/>
      <ActiveWindowIndexAtStart Value="0"/>
    </General>
    <i18n>
      <EnableI18N LFM="False"/>
    </i18n>
    <VersionInfo>
      <StringTable ProductVersion=""/>
    </VersionInfo>
    <BuildModes Count="3" Active="linux-i686-debug">
      <Item1 Name="linux-i686-debug" Default="True"/>
      <Item2 Name="win32">
        <CompilerOptions>
          <Version Value="9"/>
          <Target>
            <Filename Value="JakOmlette-win32"/>
          </Target>
          <SearchPaths>
            <IncludeFiles Value="$(ProjOutDir)"/>
            <UnitOutputDirectory Value="lib/$(TargetCPU)-$(TargetOS)"/>
          </SearchPaths>
          <CodeGeneration>
            <TargetProcessor Value="pentium3"/>
            <TargetCPU Value="i386"/>
            <TargetOS Value="win32"/>
            <Optimizations>
              <OptimizationLevel Value="3"/>
            </Optimizations>
          </CodeGeneration>
          <Linking>
            <Debugging>
              <UseLineInfoUnit Value="False"/>
              <StripSymbols Value="True"/>
              <UseExternalDbgSyms Value="True"/>
            </Debugging>
            <Options>
              <Win32>
                <GraphicApplication Value="True"/>
              </Win32>
            </Options>
          </Linking>
          <Other>
            <CompilerMessages>
              <UseMsgFile Value="True"/>
            </CompilerMessages>
            <CompilerPath Value="$(CompPath)"/>
          </Other>
        </CompilerOptions>
      </Item2>
      <Item3 Name="linux-i686-release">
        <CompilerOptions>
          <Version Value="9"/>
          <Target>
            <Filename Value="JakOmlette-i686"/>
          </Target>
          <SearchPaths>
            <IncludeFiles Value="$(ProjOutDir)"/>
            <UnitOutputDirectory Value="lib/$(TargetCPU)-$(TargetOS)"/>
          </SearchPaths>
          <CodeGeneration>
            <TargetProcessor Value="pentium3"/>
            <TargetCPU Value="i386"/>
            <TargetOS Value="linux"/>
            <Optimizations>
              <OptimizationLevel Value="3"/>
            </Optimizations>
          </CodeGeneration>
          <Linking>
            <Debugging>
              <UseLineInfoUnit Value="False"/>
              <StripSymbols Value="True"/>
              <UseExternalDbgSyms Value="True"/>
            </Debugging>
            <Options>
              <Win32>
                <GraphicApplication Value="True"/>
              </Win32>
            </Options>
          </Linking>
          <Other>
            <CompilerMessages>
              <UseMsgFile Value="True"/>
            </CompilerMessages>
            <CompilerPath Value="$(CompPath)"/>
          </Other>
        </CompilerOptions>
      </Item3>
    </BuildModes>
    <PublishOptions>
      <Version Value="2"/>
      <IncludeFileFilter Value="*.(pas|pp|inc|lfm|lpr|lrs|lpi|lpk|sh|xml)"/>
      <ExcludeFileFilter Value="*.(bak|ppu|o|so);*~;backup"/>
    </PublishOptions>
    <RunParams>
      <local>
        <FormatVersion Value="1"/>
      </local>
    </RunParams>
    <RequiredPackages Count="1">
      <Item1>
        <PackageName Value="LCL"/>
      </Item1>
    </RequiredPackages>
    <Units Count="5">
      <Unit0>
        <Filename Value="JakOmlette.lpr"/>
        <IsPartOfProject Value="True"/>
        <UnitName Value="JakOmlette"/>
        <WindowIndex Value="0"/>
        <TopLine Value="1"/>
        <CursorPos X="27" Y="17"/>
        <UsageCount Value="216"/>
      </Unit0>
      <Unit1>
        <Filename Value="jakrandr.pas"/>
        <IsPartOfProject Value="True"/>
        <ComponentName Value="JakRandr"/>
        <ResourceBaseClass Value="Form"/>
        <UnitName Value="JakRandr"/>
        <EditorIndex Value="0"/>
        <WindowIndex Value="0"/>
        <TopLine Value="1"/>
        <CursorPos X="1" Y="1"/>
        <UsageCount Value="216"/>
        <Loaded Value="True"/>
        <LoadedDesigner Value="True"/>
      </Unit1>
      <Unit2>
        <Filename Value="gfxutils.pas"/>
        <IsPartOfProject Value="True"/>
        <UnitName Value="GfxUtils"/>
        <EditorIndex Value="1"/>
        <WindowIndex Value="0"/>
        <TopLine Value="644"/>
        <CursorPos X="77" Y="651"/>
        <UsageCount Value="216"/>
        <Loaded Value="True"/>
      </Unit2>
      <Unit3>
        <Filename Value="coreutils.pas"/>
        <IsPartOfProject Value="True"/>
        <UnitName Value="CoreUtils"/>
        <IsVisibleTab Value="True"/>
        <EditorIndex Value="2"/>
        <WindowIndex Value="0"/>
        <TopLine Value="84"/>
        <CursorPos X="37" Y="94"/>
        <UsageCount Value="214"/>
        <Loaded Value="True"/>
      </Unit3>
      <Unit4>
        <Filename Value="/usr/share/fpcsrc/rtl/objpas/fgl.pp"/>
        <UnitName Value="fgl"/>
        <WindowIndex Value="0"/>
        <TopLine Value="665"/>
        <CursorPos X="73" Y="682"/>
        <UsageCount Value="90"/>
      </Unit4>
    </Units>
    <JumpHistory Count="30" HistoryIndex="29">
      <Position1>
        <Filename Value="coreutils.pas"/>
        <Caret Line="1" Column="1" TopLine="1"/>
      </Position1>
      <Position2>
        <Filename Value="gfxutils.pas"/>
        <Caret Line="1286" Column="75" TopLine="1276"/>
      </Position2>
      <Position3>
        <Filename Value="gfxutils.pas"/>
        <Caret Line="1" Column="1" TopLine="1"/>
      </Position3>
      <Position4>
        <Filename Value="gfxutils.pas"/>
        <Caret Line="323" Column="72" TopLine="308"/>
      </Position4>
      <Position5>
        <Filename Value="gfxutils.pas"/>
        <Caret Line="237" Column="21" TopLine="227"/>
      </Position5>
      <Position6>
        <Filename Value="gfxutils.pas"/>
        <Caret Line="480" Column="13" TopLine="463"/>
      </Position6>
      <Position7>
        <Filename Value="gfxutils.pas"/>
        <Caret Line="893" Column="13" TopLine="876"/>
      </Position7>
      <Position8>
        <Filename Value="gfxutils.pas"/>
        <Caret Line="1002" Column="13" TopLine="985"/>
      </Position8>
      <Position9>
        <Filename Value="gfxutils.pas"/>
        <Caret Line="1004" Column="13" TopLine="987"/>
      </Position9>
      <Position10>
        <Filename Value="gfxutils.pas"/>
        <Caret Line="1006" Column="13" TopLine="989"/>
      </Position10>
      <Position11>
        <Filename Value="gfxutils.pas"/>
        <Caret Line="1011" Column="15" TopLine="994"/>
      </Position11>
      <Position12>
        <Filename Value="gfxutils.pas"/>
        <Caret Line="237" Column="21" TopLine="227"/>
      </Position12>
      <Position13>
        <Filename Value="coreutils.pas"/>
        <Caret Line="270" Column="45" TopLine="253"/>
      </Position13>
      <Position14>
        <Filename Value="coreutils.pas"/>
        <Caret Line="71" Column="35" TopLine="61"/>
      </Position14>
      <Position15>
        <Filename Value="coreutils.pas"/>
        <Caret Line="1" Column="1" TopLine="1"/>
      </Position15>
      <Position16>
        <Filename Value="gfxutils.pas"/>
        <Caret Line="1286" Column="70" TopLine="1282"/>
      </Position16>
      <Position17>
        <Filename Value="gfxutils.pas"/>
        <Caret Line="11" Column="1" TopLine="11"/>
      </Position17>
      <Position18>
        <Filename Value="gfxutils.pas"/>
        <Caret Line="371" Column="76" TopLine="358"/>
      </Position18>
      <Position19>
        <Filename Value="gfxutils.pas"/>
        <Caret Line="175" Column="30" TopLine="165"/>
      </Position19>
      <Position20>
        <Filename Value="gfxutils.pas"/>
        <Caret Line="686" Column="71" TopLine="679"/>
      </Position20>
      <Position21>
        <Filename Value="gfxutils.pas"/>
        <Caret Line="1" Column="1" TopLine="1"/>
      </Position21>
      <Position22>
        <Filename Value="gfxutils.pas"/>
        <Caret Line="154" Column="25" TopLine="137"/>
      </Position22>
      <Position23>
        <Filename Value="gfxutils.pas"/>
        <Caret Line="1" Column="1" TopLine="1"/>
      </Position23>
      <Position24>
        <Filename Value="gfxutils.pas"/>
        <Caret Line="326" Column="32" TopLine="308"/>
      </Position24>
      <Position25>
        <Filename Value="gfxutils.pas"/>
        <Caret Line="175" Column="30" TopLine="165"/>
      </Position25>
      <Position26>
        <Filename Value="gfxutils.pas"/>
        <Caret Line="644" Column="13" TopLine="641"/>
      </Position26>
      <Position27>
        <Filename Value="gfxutils.pas"/>
        <Caret Line="1" Column="1" TopLine="1"/>
      </Position27>
      <Position28>
        <Filename Value="gfxutils.pas"/>
        <Caret Line="320" Column="72" TopLine="308"/>
      </Position28>
      <Position29>
        <Filename Value="gfxutils.pas"/>
        <Caret Line="1" Column="1" TopLine="1"/>
      </Position29>
      <Position30>
        <Filename Value="gfxutils.pas"/>
        <Caret Line="154" Column="25" TopLine="137"/>
      </Position30>
    </JumpHistory>
  </ProjectOptions>
  <CompilerOptions>
    <Version Value="9"/>
    <Target>
      <Filename Value="JakOmlette"/>
    </Target>
    <SearchPaths>
      <IncludeFiles Value="$(ProjOutDir)"/>
      <UnitOutputDirectory Value="lib/$(TargetCPU)-$(TargetOS)"/>
    </SearchPaths>
    <CodeGeneration>
      <Checks>
        <IOChecks Value="True"/>
        <RangeChecks Value="True"/>
        <OverflowChecks Value="True"/>
        <StackChecks Value="True"/>
      </Checks>
      <VerifyObjMethodCallValidity Value="True"/>
      <TargetProcessor Value="pentium3"/>
      <TargetCPU Value="i386"/>
      <TargetOS Value="linux"/>
    </CodeGeneration>
    <Linking>
      <Options>
        <Win32>
          <GraphicApplication Value="True"/>
        </Win32>
      </Options>
    </Linking>
    <Other>
      <CompilerMessages>
        <UseMsgFile Value="True"/>
      </CompilerMessages>
      <CompilerPath Value="$(CompPath)"/>
    </Other>
  </CompilerOptions>
  <Debugging>
    <BreakPoints Count="1">
      <Item1>
        <Source Value="gfxutils.pas"/>
        <Line Value="768"/>
      </Item1>
    </BreakPoints>
    <Watches Count="2">
      <Item1>
        <Expression Value="PointArray[0]"/>
      </Item1>
      <Item2>
        <Expression Value="m_nodes[0].p"/>
      </Item2>
    </Watches>
    <Exceptions Count="3">
      <Item1>
        <Name Value="EAbort"/>
      </Item1>
      <Item2>
        <Name Value="ECodetoolError"/>
      </Item2>
      <Item3>
        <Name Value="EFOpenError"/>
      </Item3>
    </Exceptions>
  </Debugging>
</CONFIG>
