<?xml version="1.0"?>
<CONFIG>
  <ProjectOptions>
    <Version Value="9"/>
    <General>
      <MainUnit Value="0"/>
      <Title Value="JakRandr"/>
      <ResourceType Value="res"/>
      <UseXPManifest Value="True"/>
      <Icon Value="0"/>
      <ActiveWindowIndexAtStart Value="0"/>
    </General>
    <i18n>
      <EnableI18N LFM="False"/>
    </i18n>
    <VersionInfo>
      <StringTable ProductVersion=""/>
    </VersionInfo>
    <BuildModes Count="4" Active="win32-debug">
      <Item1 Name="linux-i686-debug" Default="True"/>
      <Item2 Name="win32-release">
        <CompilerOptions>
          <Version Value="11"/>
          <Target>
            <Filename Value="bin/JakOmlette-win32"/>
          </Target>
          <SearchPaths>
            <IncludeFiles Value="$(ProjOutDir)"/>
            <UnitOutputDirectory Value="lib/$(TargetCPU)-$(TargetOS)"/>
          </SearchPaths>
          <CodeGeneration>
            <TargetProcessor Value="pentium4"/>
            <TargetCPU Value="i386"/>
            <TargetOS Value="win32"/>
            <Optimizations>
              <VariablesInRegisters Value="True"/>
              <UncertainOptimizations Value="True"/>
              <OptimizationLevel Value="3"/>
            </Optimizations>
          </CodeGeneration>
          <Linking>
            <Debugging>
              <GenerateDebugInfo Value="False"/>
              <UseLineInfoUnit Value="False"/>
              <StripSymbols Value="True"/>
              <UseExternalDbgSyms Value="True"/>
            </Debugging>
            <Options>
              <Win32>
                <GraphicApplication Value="True"/>
              </Win32>
            </Options>
          </Linking>
          <Other>
            <CompilerMessages>
              <UseMsgFile Value="True"/>
            </CompilerMessages>
            <CompilerPath Value="$(CompPath)"/>
          </Other>
        </CompilerOptions>
      </Item2>
      <Item3 Name="linux-i686-release">
        <CompilerOptions>
          <Version Value="11"/>
          <Target>
            <Filename Value="bin/JakOmlette-i686"/>
          </Target>
          <SearchPaths>
            <IncludeFiles Value="$(ProjOutDir)"/>
            <UnitOutputDirectory Value="lib/$(TargetCPU)-$(TargetOS)"/>
          </SearchPaths>
          <CodeGeneration>
            <TargetProcessor Value="pentium3"/>
            <TargetCPU Value="i386"/>
            <TargetOS Value="linux"/>
            <Optimizations>
              <OptimizationLevel Value="3"/>
            </Optimizations>
          </CodeGeneration>
          <Linking>
            <Debugging>
              <GenerateDebugInfo Value="False"/>
              <UseLineInfoUnit Value="False"/>
              <StripSymbols Value="True"/>
              <UseExternalDbgSyms Value="True"/>
            </Debugging>
            <Options>
              <Win32>
                <GraphicApplication Value="True"/>
              </Win32>
            </Options>
          </Linking>
          <Other>
            <CompilerMessages>
              <UseMsgFile Value="True"/>
            </CompilerMessages>
            <CompilerPath Value="$(CompPath)"/>
          </Other>
        </CompilerOptions>
      </Item3>
      <Item4 Name="win32-debug">
        <CompilerOptions>
          <Version Value="11"/>
          <Target>
            <Filename Value="bin/JakOmlette-win32-debug"/>
          </Target>
          <SearchPaths>
            <IncludeFiles Value="$(ProjOutDir)"/>
            <UnitOutputDirectory Value="lib/$(TargetCPU)-$(TargetOS)"/>
          </SearchPaths>
          <CodeGeneration>
            <Checks>
              <IOChecks Value="True"/>
              <RangeChecks Value="True"/>
              <OverflowChecks Value="True"/>
              <StackChecks Value="True"/>
            </Checks>
            <TargetProcessor Value="pentium3"/>
            <TargetCPU Value="i386"/>
            <TargetOS Value="win32"/>
            <Optimizations>
              <OptimizationLevel Value="0"/>
            </Optimizations>
          </CodeGeneration>
          <Linking>
            <Debugging>
              <UseHeaptrc Value="True"/>
              <UseExternalDbgSyms Value="True"/>
            </Debugging>
            <Options>
              <Win32>
                <GraphicApplication Value="True"/>
              </Win32>
            </Options>
          </Linking>
          <Other>
            <Verbosity>
              <ShoLineNum Value="True"/>
            </Verbosity>
            <CompilerMessages>
              <UseMsgFile Value="True"/>
            </CompilerMessages>
            <CompilerPath Value="$(CompPath)"/>
          </Other>
        </CompilerOptions>
      </Item4>
    </BuildModes>
    <PublishOptions>
      <Version Value="2"/>
      <IncludeFileFilter Value="*.(pas|pp|inc|lfm|lpr|lrs|lpi|lpk|sh|xml)"/>
      <ExcludeFileFilter Value="*.(bak|ppu|o|so);*~;backup"/>
    </PublishOptions>
    <RunParams>
      <local>
        <FormatVersion Value="1"/>
      </local>
    </RunParams>
    <RequiredPackages Count="1">
      <Item1>
        <PackageName Value="LCL"/>
      </Item1>
    </RequiredPackages>
    <Units Count="16">
      <Unit0>
        <Filename Value="JakOmlette.lpr"/>
        <IsPartOfProject Value="True"/>
        <UnitName Value="JakOmlette"/>
        <WindowIndex Value="0"/>
        <TopLine Value="3"/>
        <CursorPos X="74" Y="16"/>
        <UsageCount Value="216"/>
      </Unit0>
      <Unit1>
        <Filename Value="jakrandr.pas"/>
        <IsPartOfProject Value="True"/>
        <ComponentName Value="JakRandr"/>
        <HasResources Value="True"/>
        <ResourceBaseClass Value="Form"/>
        <UnitName Value="JakRandr"/>
        <EditorIndex Value="0"/>
        <WindowIndex Value="0"/>
        <TopLine Value="26"/>
        <CursorPos X="20" Y="38"/>
        <UsageCount Value="216"/>
        <Loaded Value="True"/>
        <LoadedDesigner Value="True"/>
      </Unit1>
      <Unit2>
        <Filename Value="gfxutils.pas"/>
        <IsPartOfProject Value="True"/>
        <UnitName Value="GfxUtils"/>
        <EditorIndex Value="4"/>
        <WindowIndex Value="0"/>
        <TopLine Value="2015"/>
        <CursorPos X="1" Y="2034"/>
        <UsageCount Value="216"/>
        <Loaded Value="True"/>
      </Unit2>
      <Unit3>
        <Filename Value="coreutils.pas"/>
        <IsPartOfProject Value="True"/>
        <UnitName Value="CoreUtils"/>
        <IsVisibleTab Value="True"/>
        <EditorIndex Value="5"/>
        <WindowIndex Value="0"/>
        <TopLine Value="312"/>
        <CursorPos X="1" Y="327"/>
        <UsageCount Value="214"/>
        <Loaded Value="True"/>
      </Unit3>
      <Unit4>
        <Filename Value="/usr/lib/lazarus/lcl/interfaces/gtk2/gtk2winapi.inc"/>
        <WindowIndex Value="0"/>
        <TopLine Value="1677"/>
        <CursorPos X="7" Y="1688"/>
        <UsageCount Value="37"/>
      </Unit4>
      <Unit5>
        <Filename Value="/usr/lib/lazarus/lcl/include/canvas.inc"/>
        <WindowIndex Value="0"/>
        <TopLine Value="807"/>
        <CursorPos X="1" Y="818"/>
        <UsageCount Value="37"/>
      </Unit5>
      <Unit6>
        <Filename Value="testutils.pas"/>
        <IsPartOfProject Value="True"/>
        <UnitName Value="TestUtils"/>
        <EditorIndex Value="7"/>
        <WindowIndex Value="0"/>
        <TopLine Value="11"/>
        <CursorPos X="5" Y="20"/>
        <UsageCount Value="300"/>
        <Loaded Value="True"/>
      </Unit6>
      <Unit7>
        <Filename Value="C:/lazarus/fpc/2.6.0/source/rtl/objpas/fgl.pp"/>
        <UnitName Value="fgl"/>
        <WindowIndex Value="0"/>
        <TopLine Value="507"/>
        <CursorPos X="27" Y="526"/>
        <UsageCount Value="64"/>
      </Unit7>
      <Unit8>
        <Filename Value="testconveyor.pas"/>
        <IsPartOfProject Value="True"/>
        <UnitName Value="TestConveyor"/>
        <EditorIndex Value="8"/>
        <WindowIndex Value="0"/>
        <TopLine Value="77"/>
        <CursorPos X="29" Y="81"/>
        <UsageCount Value="327"/>
        <Loaded Value="True"/>
      </Unit8>
      <Unit9>
        <Filename Value="C:/lazarus/lcl/graphics.pp"/>
        <UnitName Value="Graphics"/>
        <WindowIndex Value="0"/>
        <TopLine Value="251"/>
        <CursorPos X="3" Y="260"/>
        <UsageCount Value="63"/>
      </Unit9>
      <Unit10>
        <Filename Value="cartof.pas"/>
        <IsPartOfProject Value="True"/>
        <UnitName Value="Cartof"/>
        <EditorIndex Value="3"/>
        <WindowIndex Value="0"/>
        <TopLine Value="1"/>
        <CursorPos X="16" Y="1"/>
        <UsageCount Value="225"/>
        <Loaded Value="True"/>
      </Unit10>
      <Unit11>
        <Filename Value="provider.pas"/>
        <IsPartOfProject Value="True"/>
        <UnitName Value="Provider"/>
        <EditorIndex Value="6"/>
        <WindowIndex Value="0"/>
        <TopLine Value="30"/>
        <CursorPos X="33" Y="43"/>
        <UsageCount Value="223"/>
        <Loaded Value="True"/>
      </Unit11>
      <Unit12>
        <Filename Value="C:/lazarus/lcl/customtimer.pas"/>
        <UnitName Value="CustomTimer"/>
        <WindowIndex Value="0"/>
        <TopLine Value="171"/>
        <CursorPos X="1" Y="182"/>
        <UsageCount Value="134"/>
      </Unit12>
      <Unit13>
        <Filename Value="grimreaper.pas"/>
        <IsPartOfProject Value="True"/>
        <UnitName Value="GrimReaper"/>
        <EditorIndex Value="2"/>
        <WindowIndex Value="0"/>
        <TopLine Value="1"/>
        <CursorPos X="31" Y="12"/>
        <UsageCount Value="161"/>
        <Loaded Value="True"/>
      </Unit13>
      <Unit14>
        <Filename Value="rotator.pas"/>
        <IsPartOfProject Value="True"/>
        <UnitName Value="Rotator"/>
        <EditorIndex Value="1"/>
        <WindowIndex Value="0"/>
        <TopLine Value="94"/>
        <CursorPos X="14" Y="98"/>
        <UsageCount Value="24"/>
        <Loaded Value="True"/>
      </Unit14>
      <Unit15>
        <Filename Value="C:/lazarus/fpc/2.6.0/source/rtl/inc/wstringh.inc"/>
        <WindowIndex Value="0"/>
        <TopLine Value="20"/>
        <CursorPos X="17" Y="30"/>
        <UsageCount Value="10"/>
      </Unit15>
    </Units>
    <JumpHistory Count="30" HistoryIndex="29">
      <Position1>
        <Filename Value="jakrandr.pas"/>
        <Caret Line="122" Column="16" TopLine="117"/>
      </Position1>
      <Position2>
        <Filename Value="jakrandr.pas"/>
        <Caret Line="159" Column="10" TopLine="153"/>
      </Position2>
      <Position3>
        <Filename Value="grimreaper.pas"/>
        <Caret Line="331" Column="29" TopLine="314"/>
      </Position3>
      <Position4>
        <Filename Value="grimreaper.pas"/>
        <Caret Line="1" Column="1" TopLine="1"/>
      </Position4>
      <Position5>
        <Filename Value="grimreaper.pas"/>
        <Caret Line="14" Column="21" TopLine="1"/>
      </Position5>
      <Position6>
        <Filename Value="grimreaper.pas"/>
        <Caret Line="272" Column="44" TopLine="256"/>
      </Position6>
      <Position7>
        <Filename Value="grimreaper.pas"/>
        <Caret Line="14" Column="11" TopLine="1"/>
      </Position7>
      <Position8>
        <Filename Value="grimreaper.pas"/>
        <Caret Line="15" Column="9" TopLine="4"/>
      </Position8>
      <Position9>
        <Filename Value="grimreaper.pas"/>
        <Caret Line="18" Column="21" TopLine="5"/>
      </Position9>
      <Position10>
        <Filename Value="grimreaper.pas"/>
        <Caret Line="411" Column="1" TopLine="392"/>
      </Position10>
      <Position11>
        <Filename Value="grimreaper.pas"/>
        <Caret Line="22" Column="8" TopLine="7"/>
      </Position11>
      <Position12>
        <Filename Value="grimreaper.pas"/>
        <Caret Line="23" Column="12" TopLine="12"/>
      </Position12>
      <Position13>
        <Filename Value="grimreaper.pas"/>
        <Caret Line="11" Column="4" TopLine="10"/>
      </Position13>
      <Position14>
        <Filename Value="grimreaper.pas"/>
        <Caret Line="12" Column="11" TopLine="1"/>
      </Position14>
      <Position15>
        <Filename Value="provider.pas"/>
        <Caret Line="47" Column="29" TopLine="41"/>
      </Position15>
      <Position16>
        <Filename Value="testconveyor.pas"/>
        <Caret Line="38" Column="1" TopLine="30"/>
      </Position16>
      <Position17>
        <Filename Value="testconveyor.pas"/>
        <Caret Line="50" Column="32" TopLine="34"/>
      </Position17>
      <Position18>
        <Filename Value="testconveyor.pas"/>
        <Caret Line="262" Column="27" TopLine="257"/>
      </Position18>
      <Position19>
        <Filename Value="testconveyor.pas"/>
        <Caret Line="1" Column="1" TopLine="1"/>
      </Position19>
      <Position20>
        <Filename Value="grimreaper.pas"/>
        <Caret Line="197" Column="12" TopLine="183"/>
      </Position20>
      <Position21>
        <Filename Value="gfxutils.pas"/>
        <Caret Line="730" Column="28" TopLine="724"/>
      </Position21>
      <Position22>
        <Filename Value="testutils.pas"/>
        <Caret Line="638" Column="33" TopLine="631"/>
      </Position22>
      <Position23>
        <Filename Value="testutils.pas"/>
        <Caret Line="699" Column="1" TopLine="680"/>
      </Position23>
      <Position24>
        <Filename Value="coreutils.pas"/>
        <Caret Line="14" Column="25" TopLine="11"/>
      </Position24>
      <Position25>
        <Filename Value="coreutils.pas"/>
        <Caret Line="777" Column="1" TopLine="758"/>
      </Position25>
      <Position26>
        <Filename Value="rotator.pas"/>
        <Caret Line="70" Column="8" TopLine="56"/>
      </Position26>
      <Position27>
        <Filename Value="rotator.pas"/>
        <Caret Line="68" Column="7" TopLine="56"/>
      </Position27>
      <Position28>
        <Filename Value="rotator.pas"/>
        <Caret Line="103" Column="23" TopLine="95"/>
      </Position28>
      <Position29>
        <Filename Value="coreutils.pas"/>
        <Caret Line="538" Column="28" TopLine="532"/>
      </Position29>
      <Position30>
        <Filename Value="coreutils.pas"/>
        <Caret Line="1" Column="1" TopLine="1"/>
      </Position30>
    </JumpHistory>
  </ProjectOptions>
  <CompilerOptions>
    <Version Value="11"/>
    <Target>
      <Filename Value="bin/JakOmlette"/>
    </Target>
    <SearchPaths>
      <IncludeFiles Value="$(ProjOutDir)"/>
      <UnitOutputDirectory Value="lib/$(TargetCPU)-$(TargetOS)"/>
    </SearchPaths>
    <CodeGeneration>
      <Checks>
        <IOChecks Value="True"/>
        <RangeChecks Value="True"/>
        <OverflowChecks Value="True"/>
        <StackChecks Value="True"/>
      </Checks>
      <TargetProcessor Value="pentium3"/>
      <TargetCPU Value="i386"/>
      <TargetOS Value="linux"/>
    </CodeGeneration>
    <Linking>
      <Options>
        <Win32>
          <GraphicApplication Value="True"/>
        </Win32>
      </Options>
    </Linking>
    <Other>
      <CompilerMessages>
        <UseMsgFile Value="True"/>
      </CompilerMessages>
      <CompilerPath Value="$(CompPath)"/>
    </Other>
  </CompilerOptions>
  <Debugging>
    <Watches Count="4">
      <Item1>
        <Expression Value="m_entities.Items[1]"/>
      </Item1>
      <Item2 ClassAutoCast="True">
        <Expression Value="e"/>
      </Item2>
      <Item3>
        <Expression Value="m_nodes"/>
      </Item3>
      <Item4>
        <Expression Value="m_n"/>
      </Item4>
    </Watches>
    <Exceptions Count="3">
      <Item1>
        <Name Value="EAbort"/>
      </Item1>
      <Item2>
        <Name Value="ECodetoolError"/>
      </Item2>
      <Item3>
        <Name Value="EFOpenError"/>
      </Item3>
    </Exceptions>
  </Debugging>
</CONFIG>
